{
  "pins" : [
    {
      "identity" : "sentry-cocoa",
      "kind" : "remoteSourceControl",
      "location" : "https://github.com/getsentry/sentry-cocoa",
      "state" : {
        "revision" : "2e7899aff930ed3b8d81be1909492f7684bbd481",
        "version" : "8.3.1"
      }
    }
  ],
  "version" : 2
}
