// !$*UTF8*$!
{
	archiveVersion = 1;
	classes = {
	};
	objectVersion = 56;
	objects = {

/* Begin PBXBuildFile section */
		19822A692A4CA69700CFA822 /* Mux Assets.xcassets in Resources */ = {isa = PBXBuildFile; fileRef = 19822A522A4CA69700CFA822 /* Mux Assets.xcassets */; };
		19822A6A2A4CA69700CFA822 /* Buttons.swift in Sources */ = {isa = PBXBuildFile; fileRef = 19822A542A4CA69700CFA822 /* Buttons.swift */; };
		19822A6B2A4CA69700CFA822 /* MuxNavBar.swift in Sources */ = {isa = PBXBuildFile; fileRef = 19822A552A4CA69700CFA822 /* MuxNavBar.swift */; };
		19822A6C2A4CA69700CFA822 /* Mux Colors.swift in Sources */ = {isa = PBXBuildFile; fileRef = 19822A562A4CA69700CFA822 /* Mux Colors.swift */; };
		19822A6D2A4CA69700CFA822 /* FakeBackend.swift in Sources */ = {isa = PBXBuildFile; fileRef = 19822A582A4CA69700CFA822 /* FakeBackend.swift */; };
		19822A6E2A4CA69700CFA822 /* Assets.xcassets in Resources */ = {isa = PBXBuildFile; fileRef = 19822A592A4CA69700CFA822 /* Assets.xcassets */; };
		19822A6F2A4CA69700CFA822 /* Preview Assets.xcassets in Resources */ = {isa = PBXBuildFile; fileRef = 19822A5B2A4CA69700CFA822 /* Preview Assets.xcassets */; };
		19822A702A4CA69700CFA822 /* CreateUploadView.swift in Sources */ = {isa = PBXBuildFile; fileRef = 19822A5D2A4CA69700CFA822 /* CreateUploadView.swift */; };
		19822A712A4CA69700CFA822 /* UploadListView.swift in Sources */ = {isa = PBXBuildFile; fileRef = 19822A5E2A4CA69700CFA822 /* UploadListView.swift */; };
		19822A722A4CA69700CFA822 /* SwiftUploadSDKExample.swift in Sources */ = {isa = PBXBuildFile; fileRef = 19822A5F2A4CA69700CFA822 /* SwiftUploadSDKExample.swift */; };
		19822A732A4CA69700CFA822 /* ThumbnailModel.swift in Sources */ = {isa = PBXBuildFile; fileRef = 19822A612A4CA69700CFA822 /* ThumbnailModel.swift */; };
		19822A742A4CA69700CFA822 /* UploadListModel.swift in Sources */ = {isa = PBXBuildFile; fileRef = 19822A622A4CA69700CFA822 /* UploadListModel.swift */; };
		19822A752A4CA69700CFA822 /* UploadCreationModel.swift in Sources */ = {isa = PBXBuildFile; fileRef = 19822A632A4CA69700CFA822 /* UploadCreationModel.swift */; };
		19822A762A4CA69700CFA822 /* ContentView.swift in Sources */ = {isa = PBXBuildFile; fileRef = 19822A642A4CA69700CFA822 /* ContentView.swift */; };
		19822A772A4CA69700CFA822 /* UploadCTA.swift in Sources */ = {isa = PBXBuildFile; fileRef = 19822A662A4CA69700CFA822 /* UploadCTA.swift */; };
		19822A782A4CA69700CFA822 /* UploadProgressView.swift in Sources */ = {isa = PBXBuildFile; fileRef = 19822A672A4CA69700CFA822 /* UploadProgressView.swift */; };
		19822A792A4CA69700CFA822 /* ImagePicker.swift in Sources */ = {isa = PBXBuildFile; fileRef = 19822A682A4CA69700CFA822 /* ImagePicker.swift */; };
		19822A7D2A4CA6A300CFA822 /* Test_AppUITests.swift in Sources */ = {isa = PBXBuildFile; fileRef = 19822A7B2A4CA6A300CFA822 /* Test_AppUITests.swift */; };
		19822A7E2A4CA6A300CFA822 /* Test_AppUITestsLaunchTests.swift in Sources */ = {isa = PBXBuildFile; fileRef = 19822A7C2A4CA6A300CFA822 /* Test_AppUITestsLaunchTests.swift */; };
		19DCD95B2A4CA567001FBBF6 /* MuxUploadSDK in Frameworks */ = {isa = PBXBuildFile; productRef = 19DCD95A2A4CA567001FBBF6 /* MuxUploadSDK */; };
/* End PBXBuildFile section */

/* Begin PBXContainerItemProxy section */
		358E3C9229A92168005261CB /* PBXContainerItemProxy */ = {
			isa = PBXContainerItemProxy;
			containerPortal = 358E3C6F29A92167005261CB /* Project object */;
			proxyType = 1;
			remoteGlobalIDString = 358E3C7629A92167005261CB;
			remoteInfo = "Test App";
		};
/* End PBXContainerItemProxy section */

/* Begin PBXFileReference section */
		19822A522A4CA69700CFA822 /* Mux Assets.xcassets */ = {isa = PBXFileReference; lastKnownFileType = folder.assetcatalog; path = "Mux Assets.xcassets"; sourceTree = "<group>"; };
		19822A542A4CA69700CFA822 /* Buttons.swift */ = {isa = PBXFileReference; fileEncoding = 4; lastKnownFileType = sourcecode.swift; path = Buttons.swift; sourceTree = "<group>"; };
		19822A552A4CA69700CFA822 /* MuxNavBar.swift */ = {isa = PBXFileReference; fileEncoding = 4; lastKnownFileType = sourcecode.swift; path = MuxNavBar.swift; sourceTree = "<group>"; };
		19822A562A4CA69700CFA822 /* Mux Colors.swift */ = {isa = PBXFileReference; fileEncoding = 4; lastKnownFileType = sourcecode.swift; path = "Mux Colors.swift"; sourceTree = "<group>"; };
		19822A582A4CA69700CFA822 /* FakeBackend.swift */ = {isa = PBXFileReference; fileEncoding = 4; lastKnownFileType = sourcecode.swift; path = FakeBackend.swift; sourceTree = "<group>"; };
		19822A592A4CA69700CFA822 /* Assets.xcassets */ = {isa = PBXFileReference; lastKnownFileType = folder.assetcatalog; path = Assets.xcassets; sourceTree = "<group>"; };
		19822A5B2A4CA69700CFA822 /* Preview Assets.xcassets */ = {isa = PBXFileReference; lastKnownFileType = folder.assetcatalog; path = "Preview Assets.xcassets"; sourceTree = "<group>"; };
		19822A5D2A4CA69700CFA822 /* CreateUploadView.swift */ = {isa = PBXFileReference; fileEncoding = 4; lastKnownFileType = sourcecode.swift; path = CreateUploadView.swift; sourceTree = "<group>"; };
		19822A5E2A4CA69700CFA822 /* UploadListView.swift */ = {isa = PBXFileReference; fileEncoding = 4; lastKnownFileType = sourcecode.swift; path = UploadListView.swift; sourceTree = "<group>"; };
		19822A5F2A4CA69700CFA822 /* SwiftUploadSDKExample.swift */ = {isa = PBXFileReference; fileEncoding = 4; lastKnownFileType = sourcecode.swift; path = SwiftUploadSDKExample.swift; sourceTree = "<group>"; };
		19822A612A4CA69700CFA822 /* ThumbnailModel.swift */ = {isa = PBXFileReference; fileEncoding = 4; lastKnownFileType = sourcecode.swift; path = ThumbnailModel.swift; sourceTree = "<group>"; };
		19822A622A4CA69700CFA822 /* UploadListModel.swift */ = {isa = PBXFileReference; fileEncoding = 4; lastKnownFileType = sourcecode.swift; path = UploadListModel.swift; sourceTree = "<group>"; };
		19822A632A4CA69700CFA822 /* UploadCreationModel.swift */ = {isa = PBXFileReference; fileEncoding = 4; lastKnownFileType = sourcecode.swift; path = UploadCreationModel.swift; sourceTree = "<group>"; };
		19822A642A4CA69700CFA822 /* ContentView.swift */ = {isa = PBXFileReference; fileEncoding = 4; lastKnownFileType = sourcecode.swift; path = ContentView.swift; sourceTree = "<group>"; };
		19822A662A4CA69700CFA822 /* UploadCTA.swift */ = {isa = PBXFileReference; fileEncoding = 4; lastKnownFileType = sourcecode.swift; path = UploadCTA.swift; sourceTree = "<group>"; };
		19822A672A4CA69700CFA822 /* UploadProgressView.swift */ = {isa = PBXFileReference; fileEncoding = 4; lastKnownFileType = sourcecode.swift; path = UploadProgressView.swift; sourceTree = "<group>"; };
		19822A682A4CA69700CFA822 /* ImagePicker.swift */ = {isa = PBXFileReference; fileEncoding = 4; lastKnownFileType = sourcecode.swift; path = ImagePicker.swift; sourceTree = "<group>"; };
		19822A7B2A4CA6A300CFA822 /* Test_AppUITests.swift */ = {isa = PBXFileReference; fileEncoding = 4; lastKnownFileType = sourcecode.swift; path = Test_AppUITests.swift; sourceTree = "<group>"; };
		19822A7C2A4CA6A300CFA822 /* Test_AppUITestsLaunchTests.swift */ = {isa = PBXFileReference; fileEncoding = 4; lastKnownFileType = sourcecode.swift; path = Test_AppUITestsLaunchTests.swift; sourceTree = "<group>"; };
		19DCD9592A4CA546001FBBF6 /* swift-upload-sdk */ = {isa = PBXFileReference; lastKnownFileType = wrapper; name = "swift-upload-sdk"; path = ../..; sourceTree = "<group>"; };
		358E3C7729A92167005261CB /* SwiftUploadSDKExample.app */ = {isa = PBXFileReference; explicitFileType = wrapper.application; includeInIndex = 0; path = SwiftUploadSDKExample.app; sourceTree = BUILT_PRODUCTS_DIR; };
		358E3C9129A92168005261CB /* SwiftUploadSDKExampleTests.xctest */ = {isa = PBXFileReference; explicitFileType = wrapper.cfbundle; includeInIndex = 0; path = SwiftUploadSDKExampleTests.xctest; sourceTree = BUILT_PRODUCTS_DIR; };
/* End PBXFileReference section */

/* Begin PBXFrameworksBuildPhase section */
		358E3C7429A92167005261CB /* Frameworks */ = {
			isa = PBXFrameworksBuildPhase;
			buildActionMask = 2147483647;
			files = (
				19DCD95B2A4CA567001FBBF6 /* MuxUploadSDK in Frameworks */,
			);
			runOnlyForDeploymentPostprocessing = 0;
		};
		358E3C8E29A92168005261CB /* Frameworks */ = {
			isa = PBXFrameworksBuildPhase;
			buildActionMask = 2147483647;
			files = (
			);
			runOnlyForDeploymentPostprocessing = 0;
		};
/* End PBXFrameworksBuildPhase section */

/* Begin PBXGroup section */
		19822A502A4CA69700CFA822 /* SwiftUploadSDKExample */ = {
			isa = PBXGroup;
			children = (
				19822A512A4CA69700CFA822 /* Mux Style */,
				19822A572A4CA69700CFA822 /* Fake Server Backend */,
				19822A592A4CA69700CFA822 /* Assets.xcassets */,
				19822A5A2A4CA69700CFA822 /* Preview Content */,
				19822A5C2A4CA69700CFA822 /* Screens */,
				19822A5F2A4CA69700CFA822 /* SwiftUploadSDKExample.swift */,
				19822A602A4CA69700CFA822 /* Model */,
				19822A642A4CA69700CFA822 /* ContentView.swift */,
				19822A652A4CA69700CFA822 /* Widgets */,
			);
			path = SwiftUploadSDKExample;
			sourceTree = "<group>";
		};
		19822A512A4CA69700CFA822 /* Mux Style */ = {
			isa = PBXGroup;
			children = (
				19822A522A4CA69700CFA822 /* Mux Assets.xcassets */,
				19822A532A4CA69700CFA822 /* Mux Views */,
				19822A562A4CA69700CFA822 /* Mux Colors.swift */,
			);
			path = "Mux Style";
			sourceTree = "<group>";
		};
		19822A532A4CA69700CFA822 /* Mux Views */ = {
			isa = PBXGroup;
			children = (
				19822A542A4CA69700CFA822 /* Buttons.swift */,
				19822A552A4CA69700CFA822 /* MuxNavBar.swift */,
			);
			path = "Mux Views";
			sourceTree = "<group>";
		};
		19822A572A4CA69700CFA822 /* Fake Server Backend */ = {
			isa = PBXGroup;
			children = (
				19822A582A4CA69700CFA822 /* FakeBackend.swift */,
			);
			path = "Fake Server Backend";
			sourceTree = "<group>";
		};
		19822A5A2A4CA69700CFA822 /* Preview Content */ = {
			isa = PBXGroup;
			children = (
				19822A5B2A4CA69700CFA822 /* Preview Assets.xcassets */,
			);
			path = "Preview Content";
			sourceTree = "<group>";
		};
		19822A5C2A4CA69700CFA822 /* Screens */ = {
			isa = PBXGroup;
			children = (
				19822A5D2A4CA69700CFA822 /* CreateUploadView.swift */,
				19822A5E2A4CA69700CFA822 /* UploadListView.swift */,
			);
			path = Screens;
			sourceTree = "<group>";
		};
		19822A602A4CA69700CFA822 /* Model */ = {
			isa = PBXGroup;
			children = (
				19822A612A4CA69700CFA822 /* ThumbnailModel.swift */,
				19822A622A4CA69700CFA822 /* UploadListModel.swift */,
				19822A632A4CA69700CFA822 /* UploadCreationModel.swift */,
			);
			path = Model;
			sourceTree = "<group>";
		};
		19822A652A4CA69700CFA822 /* Widgets */ = {
			isa = PBXGroup;
			children = (
				19822A662A4CA69700CFA822 /* UploadCTA.swift */,
				19822A672A4CA69700CFA822 /* UploadProgressView.swift */,
				19822A682A4CA69700CFA822 /* ImagePicker.swift */,
			);
			path = Widgets;
			sourceTree = "<group>";
		};
		19822A7A2A4CA6A300CFA822 /* SwiftUploadSDKExampleTests */ = {
			isa = PBXGroup;
			children = (
				19822A7B2A4CA6A300CFA822 /* Test_AppUITests.swift */,
				19822A7C2A4CA6A300CFA822 /* Test_AppUITestsLaunchTests.swift */,
			);
			path = SwiftUploadSDKExampleTests;
			sourceTree = "<group>";
		};
		358E3C6E29A92167005261CB = {
			isa = PBXGroup;
			children = (
				358E3CC329A9221F005261CB /* Packages */,
				19822A502A4CA69700CFA822 /* SwiftUploadSDKExample */,
				19822A7A2A4CA6A300CFA822 /* SwiftUploadSDKExampleTests */,
				358E3C7829A92167005261CB /* Products */,
				358E3CC529A9223B005261CB /* Frameworks */,
			);
			sourceTree = "<group>";
		};
		358E3C7829A92167005261CB /* Products */ = {
			isa = PBXGroup;
			children = (
				358E3C7729A92167005261CB /* SwiftUploadSDKExample.app */,
				358E3C9129A92168005261CB /* SwiftUploadSDKExampleTests.xctest */,
			);
			name = Products;
			sourceTree = "<group>";
		};
		358E3CC329A9221F005261CB /* Packages */ = {
			isa = PBXGroup;
			children = (
				19DCD9592A4CA546001FBBF6 /* swift-upload-sdk */,
			);
			name = Packages;
			sourceTree = "<group>";
		};
		358E3CC529A9223B005261CB /* Frameworks */ = {
			isa = PBXGroup;
			children = (
			);
			name = Frameworks;
			sourceTree = "<group>";
		};
/* End PBXGroup section */

/* Begin PBXNativeTarget section */
		358E3C7629A92167005261CB /* SwiftUploadSDKExample */ = {
			isa = PBXNativeTarget;
			buildConfigurationList = 358E3C9B29A92168005261CB /* Build configuration list for PBXNativeTarget "SwiftUploadSDKExample" */;
			buildPhases = (
				358E3C7329A92167005261CB /* Sources */,
				358E3C7429A92167005261CB /* Frameworks */,
				358E3C7529A92167005261CB /* Resources */,
			);
			buildRules = (
			);
			dependencies = (
			);
			name = SwiftUploadSDKExample;
			packageProductDependencies = (
				19DCD95A2A4CA567001FBBF6 /* MuxUploadSDK */,
			);
			productName = "Test App";
			productReference = 358E3C7729A92167005261CB /* SwiftUploadSDKExample.app */;
			productType = "com.apple.product-type.application";
		};
		358E3C9029A92168005261CB /* SwiftUploadSDKExampleTests */ = {
			isa = PBXNativeTarget;
			buildConfigurationList = 358E3CA129A92168005261CB /* Build configuration list for PBXNativeTarget "SwiftUploadSDKExampleTests" */;
			buildPhases = (
				358E3C8D29A92168005261CB /* Sources */,
				358E3C8E29A92168005261CB /* Frameworks */,
				358E3C8F29A92168005261CB /* Resources */,
			);
			buildRules = (
			);
			dependencies = (
				358E3C9329A92168005261CB /* PBXTargetDependency */,
			);
			name = SwiftUploadSDKExampleTests;
			productName = "Test AppUITests";
			productReference = 358E3C9129A92168005261CB /* SwiftUploadSDKExampleTests.xctest */;
			productType = "com.apple.product-type.bundle.ui-testing";
		};
/* End PBXNativeTarget section */

/* Begin PBXProject section */
		358E3C6F29A92167005261CB /* Project object */ = {
			isa = PBXProject;
			attributes = {
				BuildIndependentTargetsInParallel = 1;
				LastSwiftUpdateCheck = 1420;
				LastUpgradeCheck = 1420;
				TargetAttributes = {
					358E3C7629A92167005261CB = {
						CreatedOnToolsVersion = 14.2;
					};
					358E3C9029A92168005261CB = {
						CreatedOnToolsVersion = 14.2;
						TestTargetID = 358E3C7629A92167005261CB;
					};
				};
			};
			buildConfigurationList = 358E3C7229A92167005261CB /* Build configuration list for PBXProject "SwiftUploadSDKExample" */;
			compatibilityVersion = "Xcode 14.0";
			developmentRegion = en;
			hasScannedForEncodings = 0;
			knownRegions = (
				en,
				Base,
			);
			mainGroup = 358E3C6E29A92167005261CB;
			productRefGroup = 358E3C7829A92167005261CB /* Products */;
			projectDirPath = "";
			projectRoot = "";
			targets = (
				358E3C7629A92167005261CB /* SwiftUploadSDKExample */,
				358E3C9029A92168005261CB /* SwiftUploadSDKExampleTests */,
			);
		};
/* End PBXProject section */

/* Begin PBXResourcesBuildPhase section */
		358E3C7529A92167005261CB /* Resources */ = {
			isa = PBXResourcesBuildPhase;
			buildActionMask = 2147483647;
			files = (
				19822A6E2A4CA69700CFA822 /* Assets.xcassets in Resources */,
				19822A6F2A4CA69700CFA822 /* Preview Assets.xcassets in Resources */,
				19822A692A4CA69700CFA822 /* Mux Assets.xcassets in Resources */,
			);
			runOnlyForDeploymentPostprocessing = 0;
		};
		358E3C8F29A92168005261CB /* Resources */ = {
			isa = PBXResourcesBuildPhase;
			buildActionMask = 2147483647;
			files = (
			);
			runOnlyForDeploymentPostprocessing = 0;
		};
/* End PBXResourcesBuildPhase section */

/* Begin PBXSourcesBuildPhase section */
		358E3C7329A92167005261CB /* Sources */ = {
			isa = PBXSourcesBuildPhase;
			buildActionMask = 2147483647;
			files = (
				19822A702A4CA69700CFA822 /* CreateUploadView.swift in Sources */,
				19822A762A4CA69700CFA822 /* ContentView.swift in Sources */,
				19822A722A4CA69700CFA822 /* SwiftUploadSDKExample.swift in Sources */,
				19822A792A4CA69700CFA822 /* ImagePicker.swift in Sources */,
				19822A7E2A4CA6A300CFA822 /* Test_AppUITestsLaunchTests.swift in Sources */,
				19822A6C2A4CA69700CFA822 /* Mux Colors.swift in Sources */,
				19822A752A4CA69700CFA822 /* UploadCreationModel.swift in Sources */,
				19822A6B2A4CA69700CFA822 /* MuxNavBar.swift in Sources */,
				19822A732A4CA69700CFA822 /* ThumbnailModel.swift in Sources */,
				19822A6A2A4CA69700CFA822 /* Buttons.swift in Sources */,
				19822A782A4CA69700CFA822 /* UploadProgressView.swift in Sources */,
				19822A6D2A4CA69700CFA822 /* FakeBackend.swift in Sources */,
				19822A712A4CA69700CFA822 /* UploadListView.swift in Sources */,
				19822A742A4CA69700CFA822 /* UploadListModel.swift in Sources */,
				19822A7D2A4CA6A300CFA822 /* Test_AppUITests.swift in Sources */,
				19822A772A4CA69700CFA822 /* UploadCTA.swift in Sources */,
			);
			runOnlyForDeploymentPostprocessing = 0;
		};
		358E3C8D29A92168005261CB /* Sources */ = {
			isa = PBXSourcesBuildPhase;
			buildActionMask = 2147483647;
			files = (
			);
			runOnlyForDeploymentPostprocessing = 0;
		};
/* End PBXSourcesBuildPhase section */

/* Begin PBXTargetDependency section */
		358E3C9329A92168005261CB /* PBXTargetDependency */ = {
			isa = PBXTargetDependency;
			target = 358E3C7629A92167005261CB /* SwiftUploadSDKExample */;
			targetProxy = 358E3C9229A92168005261CB /* PBXContainerItemProxy */;
		};
/* End PBXTargetDependency section */

/* Begin XCBuildConfiguration section */
		358E3C9929A92168005261CB /* Debug */ = {
			isa = XCBuildConfiguration;
			buildSettings = {
				ALWAYS_SEARCH_USER_PATHS = NO;
				CLANG_ANALYZER_NONNULL = YES;
				CLANG_ANALYZER_NUMBER_OBJECT_CONVERSION = YES_AGGRESSIVE;
				CLANG_CXX_LANGUAGE_STANDARD = "gnu++20";
				CLANG_ENABLE_MODULES = YES;
				CLANG_ENABLE_OBJC_ARC = YES;
				CLANG_ENABLE_OBJC_WEAK = YES;
				CLANG_WARN_BLOCK_CAPTURE_AUTORELEASING = YES;
				CLANG_WARN_BOOL_CONVERSION = YES;
				CLANG_WARN_COMMA = YES;
				CLANG_WARN_CONSTANT_CONVERSION = YES;
				CLANG_WARN_DEPRECATED_OBJC_IMPLEMENTATIONS = YES;
				CLANG_WARN_DIRECT_OBJC_ISA_USAGE = YES_ERROR;
				CLANG_WARN_DOCUMENTATION_COMMENTS = YES;
				CLANG_WARN_EMPTY_BODY = YES;
				CLANG_WARN_ENUM_CONVERSION = YES;
				CLANG_WARN_INFINITE_RECURSION = YES;
				CLANG_WARN_INT_CONVERSION = YES;
				CLANG_WARN_NON_LITERAL_NULL_CONVERSION = YES;
				CLANG_WARN_OBJC_IMPLICIT_RETAIN_SELF = YES;
				CLANG_WARN_OBJC_LITERAL_CONVERSION = YES;
				CLANG_WARN_OBJC_ROOT_CLASS = YES_ERROR;
				CLANG_WARN_QUOTED_INCLUDE_IN_FRAMEWORK_HEADER = YES;
				CLANG_WARN_RANGE_LOOP_ANALYSIS = YES;
				CLANG_WARN_STRICT_PROTOTYPES = YES;
				CLANG_WARN_SUSPICIOUS_MOVE = YES;
				CLANG_WARN_UNGUARDED_AVAILABILITY = YES_AGGRESSIVE;
				CLANG_WARN_UNREACHABLE_CODE = YES;
				CLANG_WARN__DUPLICATE_METHOD_MATCH = YES;
				COPY_PHASE_STRIP = NO;
				DEBUG_INFORMATION_FORMAT = dwarf;
				ENABLE_STRICT_OBJC_MSGSEND = YES;
				ENABLE_TESTABILITY = YES;
				GCC_C_LANGUAGE_STANDARD = gnu11;
				GCC_DYNAMIC_NO_PIC = NO;
				GCC_NO_COMMON_BLOCKS = YES;
				GCC_OPTIMIZATION_LEVEL = 0;
				GCC_PREPROCESSOR_DEFINITIONS = (
					"DEBUG=1",
					"$(inherited)",
				);
				GCC_WARN_64_TO_32_BIT_CONVERSION = YES;
				GCC_WARN_ABOUT_RETURN_TYPE = YES_ERROR;
				GCC_WARN_UNDECLARED_SELECTOR = YES;
				GCC_WARN_UNINITIALIZED_AUTOS = YES_AGGRESSIVE;
				GCC_WARN_UNUSED_FUNCTION = YES;
				GCC_WARN_UNUSED_VARIABLE = YES;
				IPHONEOS_DEPLOYMENT_TARGET = 16.2;
				MTL_ENABLE_DEBUG_INFO = INCLUDE_SOURCE;
				MTL_FAST_MATH = YES;
				ONLY_ACTIVE_ARCH = YES;
				SDKROOT = iphoneos;
				SWIFT_ACTIVE_COMPILATION_CONDITIONS = DEBUG;
				SWIFT_OPTIMIZATION_LEVEL = "-Onone";
			};
			name = Debug;
		};
		358E3C9A29A92168005261CB /* Release */ = {
			isa = XCBuildConfiguration;
			buildSettings = {
				ALWAYS_SEARCH_USER_PATHS = NO;
				CLANG_ANALYZER_NONNULL = YES;
				CLANG_ANALYZER_NUMBER_OBJECT_CONVERSION = YES_AGGRESSIVE;
				CLANG_CXX_LANGUAGE_STANDARD = "gnu++20";
				CLANG_ENABLE_MODULES = YES;
				CLANG_ENABLE_OBJC_ARC = YES;
				CLANG_ENABLE_OBJC_WEAK = YES;
				CLANG_WARN_BLOCK_CAPTURE_AUTORELEASING = YES;
				CLANG_WARN_BOOL_CONVERSION = YES;
				CLANG_WARN_COMMA = YES;
				CLANG_WARN_CONSTANT_CONVERSION = YES;
				CLANG_WARN_DEPRECATED_OBJC_IMPLEMENTATIONS = YES;
				CLANG_WARN_DIRECT_OBJC_ISA_USAGE = YES_ERROR;
				CLANG_WARN_DOCUMENTATION_COMMENTS = YES;
				CLANG_WARN_EMPTY_BODY = YES;
				CLANG_WARN_ENUM_CONVERSION = YES;
				CLANG_WARN_INFINITE_RECURSION = YES;
				CLANG_WARN_INT_CONVERSION = YES;
				CLANG_WARN_NON_LITERAL_NULL_CONVERSION = YES;
				CLANG_WARN_OBJC_IMPLICIT_RETAIN_SELF = YES;
				CLANG_WARN_OBJC_LITERAL_CONVERSION = YES;
				CLANG_WARN_OBJC_ROOT_CLASS = YES_ERROR;
				CLANG_WARN_QUOTED_INCLUDE_IN_FRAMEWORK_HEADER = YES;
				CLANG_WARN_RANGE_LOOP_ANALYSIS = YES;
				CLANG_WARN_STRICT_PROTOTYPES = YES;
				CLANG_WARN_SUSPICIOUS_MOVE = YES;
				CLANG_WARN_UNGUARDED_AVAILABILITY = YES_AGGRESSIVE;
				CLANG_WARN_UNREACHABLE_CODE = YES;
				CLANG_WARN__DUPLICATE_METHOD_MATCH = YES;
				COPY_PHASE_STRIP = NO;
				DEBUG_INFORMATION_FORMAT = "dwarf-with-dsym";
				ENABLE_NS_ASSERTIONS = NO;
				ENABLE_STRICT_OBJC_MSGSEND = YES;
				GCC_C_LANGUAGE_STANDARD = gnu11;
				GCC_NO_COMMON_BLOCKS = YES;
				GCC_WARN_64_TO_32_BIT_CONVERSION = YES;
				GCC_WARN_ABOUT_RETURN_TYPE = YES_ERROR;
				GCC_WARN_UNDECLARED_SELECTOR = YES;
				GCC_WARN_UNINITIALIZED_AUTOS = YES_AGGRESSIVE;
				GCC_WARN_UNUSED_FUNCTION = YES;
				GCC_WARN_UNUSED_VARIABLE = YES;
				IPHONEOS_DEPLOYMENT_TARGET = 16.2;
				MTL_ENABLE_DEBUG_INFO = NO;
				MTL_FAST_MATH = YES;
				SDKROOT = iphoneos;
				SWIFT_COMPILATION_MODE = wholemodule;
				SWIFT_OPTIMIZATION_LEVEL = "-O";
				VALIDATE_PRODUCT = YES;
			};
			name = Release;
		};
		358E3C9C29A92168005261CB /* Debug */ = {
			isa = XCBuildConfiguration;
			buildSettings = {
				ASSETCATALOG_COMPILER_APPICON_NAME = AppIcon;
				ASSETCATALOG_COMPILER_GLOBAL_ACCENT_COLOR_NAME = AccentColor;
				CODE_SIGN_STYLE = Automatic;
				CURRENT_PROJECT_VERSION = 1;
				DEVELOPMENT_ASSET_PATHS = "\"Test App/Preview Content\"";
				DEVELOPMENT_TEAM = XX95P4Y787;
				ENABLE_PREVIEWS = YES;
				GENERATE_INFOPLIST_FILE = YES;
				INFOPLIST_KEY_NSPhotoLibraryUsageDescription = "This app uploads photos from your camera roll";
				INFOPLIST_KEY_UIApplicationSceneManifest_Generation = YES;
				INFOPLIST_KEY_UIApplicationSupportsIndirectInputEvents = YES;
				INFOPLIST_KEY_UILaunchScreen_Generation = YES;
				INFOPLIST_KEY_UISupportedInterfaceOrientations_iPad = "UIInterfaceOrientationPortrait UIInterfaceOrientationPortraitUpsideDown UIInterfaceOrientationLandscapeLeft UIInterfaceOrientationLandscapeRight";
				INFOPLIST_KEY_UISupportedInterfaceOrientations_iPhone = "UIInterfaceOrientationPortrait UIInterfaceOrientationLandscapeLeft UIInterfaceOrientationLandscapeRight";
				IPHONEOS_DEPLOYMENT_TARGET = 15.0;
				LD_RUNPATH_SEARCH_PATHS = (
					"$(inherited)",
					"@executable_path/Frameworks",
				);
				MARKETING_VERSION = 1.0;
				PRODUCT_BUNDLE_IDENTIFIER = "com.mux.video.upload.Test-App";
				PRODUCT_NAME = "$(TARGET_NAME)";
				SWIFT_EMIT_LOC_STRINGS = YES;
				SWIFT_VERSION = 5.0;
				TARGETED_DEVICE_FAMILY = "1,2";
			};
			name = Debug;
		};
		358E3C9D29A92168005261CB /* Release */ = {
			isa = XCBuildConfiguration;
			buildSettings = {
				ASSETCATALOG_COMPILER_APPICON_NAME = AppIcon;
				ASSETCATALOG_COMPILER_GLOBAL_ACCENT_COLOR_NAME = AccentColor;
				CODE_SIGN_IDENTITY = "Apple Development";
				CODE_SIGN_STYLE = Automatic;
				CURRENT_PROJECT_VERSION = 1;
				DEVELOPMENT_ASSET_PATHS = "\"Test App/Preview Content\"";
				DEVELOPMENT_TEAM = XX95P4Y787;
				ENABLE_PREVIEWS = YES;
				GENERATE_INFOPLIST_FILE = YES;
				INFOPLIST_KEY_NSPhotoLibraryUsageDescription = "This app uploads photos from your camera roll";
				INFOPLIST_KEY_UIApplicationSceneManifest_Generation = YES;
				INFOPLIST_KEY_UIApplicationSupportsIndirectInputEvents = YES;
				INFOPLIST_KEY_UILaunchScreen_Generation = YES;
				INFOPLIST_KEY_UISupportedInterfaceOrientations_iPad = "UIInterfaceOrientationPortrait UIInterfaceOrientationPortraitUpsideDown UIInterfaceOrientationLandscapeLeft UIInterfaceOrientationLandscapeRight";
				INFOPLIST_KEY_UISupportedInterfaceOrientations_iPhone = "UIInterfaceOrientationPortrait UIInterfaceOrientationLandscapeLeft UIInterfaceOrientationLandscapeRight";
				IPHONEOS_DEPLOYMENT_TARGET = 15.0;
				LD_RUNPATH_SEARCH_PATHS = (
					"$(inherited)",
					"@executable_path/Frameworks",
				);
				MARKETING_VERSION = 1.0;
				PRODUCT_BUNDLE_IDENTIFIER = "com.mux.video.upload.Test-App";
				PRODUCT_NAME = "$(TARGET_NAME)";
				PROVISIONING_PROFILE_SPECIFIER = "";
				SWIFT_EMIT_LOC_STRINGS = YES;
				SWIFT_VERSION = 5.0;
				TARGETED_DEVICE_FAMILY = "1,2";
			};
			name = Release;
		};
		358E3CA229A92168005261CB /* Debug */ = {
			isa = XCBuildConfiguration;
			buildSettings = {
				ALWAYS_EMBED_SWIFT_STANDARD_LIBRARIES = YES;
				CODE_SIGN_STYLE = Automatic;
				CURRENT_PROJECT_VERSION = 1;
				DEVELOPMENT_TEAM = XX95P4Y787;
				GENERATE_INFOPLIST_FILE = YES;
				MARKETING_VERSION = 1.0;
				PRODUCT_BUNDLE_IDENTIFIER = "com.mux.video.upload.Test-AppUITests";
				PRODUCT_NAME = "$(TARGET_NAME)";
				SWIFT_EMIT_LOC_STRINGS = NO;
				SWIFT_VERSION = 5.0;
				TARGETED_DEVICE_FAMILY = "1,2";
				TEST_TARGET_NAME = "Test App";
			};
			name = Debug;
		};
		358E3CA329A92168005261CB /* Release */ = {
			isa = XCBuildConfiguration;
			buildSettings = {
				ALWAYS_EMBED_SWIFT_STANDARD_LIBRARIES = YES;
				CODE_SIGN_STYLE = Automatic;
				CURRENT_PROJECT_VERSION = 1;
				DEVELOPMENT_TEAM = XX95P4Y787;
				GENERATE_INFOPLIST_FILE = YES;
				MARKETING_VERSION = 1.0;
				PRODUCT_BUNDLE_IDENTIFIER = "com.mux.video.upload.Test-AppUITests";
				PRODUCT_NAME = "$(TARGET_NAME)";
				SWIFT_EMIT_LOC_STRINGS = NO;
				SWIFT_VERSION = 5.0;
				TARGETED_DEVICE_FAMILY = "1,2";
				TEST_TARGET_NAME = "Test App";
			};
			name = Release;
		};
/* End XCBuildConfiguration section */

/* Begin XCConfigurationList section */
		358E3C7229A92167005261CB /* Build configuration list for PBXProject "SwiftUploadSDKExample" */ = {
			isa = XCConfigurationList;
			buildConfigurations = (
				358E3C9929A92168005261CB /* Debug */,
				358E3C9A29A92168005261CB /* Release */,
			);
			defaultConfigurationIsVisible = 0;
			defaultConfigurationName = Release;
		};
		358E3C9B29A92168005261CB /* Build configuration list for PBXNativeTarget "SwiftUploadSDKExample" */ = {
			isa = XCConfigurationList;
			buildConfigurations = (
				358E3C9C29A92168005261CB /* Debug */,
				358E3C9D29A92168005261CB /* Release */,
			);
			defaultConfigurationIsVisible = 0;
			defaultConfigurationName = Release;
		};
		358E3CA129A92168005261CB /* Build configuration list for PBXNativeTarget "SwiftUploadSDKExampleTests" */ = {
			isa = XCConfigurationList;
			buildConfigurations = (
				358E3CA229A92168005261CB /* Debug */,
				358E3CA329A92168005261CB /* Release */,
			);
			defaultConfigurationIsVisible = 0;
			defaultConfigurationName = Release;
		};
/* End XCConfigurationList section */

/* Begin XCSwiftPackageProductDependency section */
		19DCD95A2A4CA567001FBBF6 /* MuxUploadSDK */ = {
			isa = XCSwiftPackageProductDependency;
			productName = MuxUploadSDK;
		};
/* End XCSwiftPackageProductDependency section */
	};
	rootObject = 358E3C6F29A92167005261CB /* Project object */;
}
