// !$*UTF8*$!
{
	archiveVersion = 1;
	classes = {
	};
	objectVersion = 56;
	objects = {

/* Begin PBXBuildFile section */
		354421B32A0D628E00C6FD1F /* UploadCTA.swift in Sources */ = {isa = PBXBuildFile; fileRef = 354421B22A0D628E00C6FD1F /* UploadCTA.swift */; };
		354421B62A11731B00C6FD1F /* UploadCreationModel.swift in Sources */ = {isa = PBXBuildFile; fileRef = 354421B52A11731B00C6FD1F /* UploadCreationModel.swift */; };
		356FB4162A0C191000EA4362 /* Buttons.swift in Sources */ = {isa = PBXBuildFile; fileRef = 356FB4152A0C191000EA4362 /* Buttons.swift */; };
		3570FE112A09883400E91965 /* FakeBackend.swift in Sources */ = {isa = PBXBuildFile; fileRef = 3570FE102A09883400E91965 /* FakeBackend.swift */; };
		3570FE132A0B15D800E91965 /* CreateUploadView.swift in Sources */ = {isa = PBXBuildFile; fileRef = 3570FE122A0B15D800E91965 /* CreateUploadView.swift */; };
		3570FE162A0BFCD200E91965 /* Mux Colors.swift in Sources */ = {isa = PBXBuildFile; fileRef = 3570FE152A0BFCD200E91965 /* Mux Colors.swift */; };
		3570FE192A0C05EE00E91965 /* MuxNavBar.swift in Sources */ = {isa = PBXBuildFile; fileRef = 3570FE182A0C05EE00E91965 /* MuxNavBar.swift */; };
		3588AAAD2A12D7A80063E4DA /* UploadListView.swift in Sources */ = {isa = PBXBuildFile; fileRef = 3588AAAC2A12D7A80063E4DA /* UploadListView.swift */; };
		3588AAB52A13DA080063E4DA /* ThumbnailModel.swift in Sources */ = {isa = PBXBuildFile; fileRef = 3588AAB42A13DA080063E4DA /* ThumbnailModel.swift */; };
		358E3CB529A921B2005261CB /* Test_AppApp.swift in Sources */ = {isa = PBXBuildFile; fileRef = 358E3CA529A921B2005261CB /* Test_AppApp.swift */; };
		358E3CB629A921B2005261CB /* Assets.xcassets in Resources */ = {isa = PBXBuildFile; fileRef = 358E3CA629A921B2005261CB /* Assets.xcassets */; };
		358E3CB729A921B2005261CB /* Preview Assets.xcassets in Resources */ = {isa = PBXBuildFile; fileRef = 358E3CA829A921B2005261CB /* Preview Assets.xcassets */; };
		358E3CBA29A921B2005261CB /* ContentView.swift in Sources */ = {isa = PBXBuildFile; fileRef = 358E3CAC29A921B2005261CB /* ContentView.swift */; };
		358E3CBD29A921B2005261CB /* ImagePicker.swift in Sources */ = {isa = PBXBuildFile; fileRef = 358E3CB029A921B2005261CB /* ImagePicker.swift */; };
		358E3CC129A921DC005261CB /* Test_AppUITests.swift in Sources */ = {isa = PBXBuildFile; fileRef = 358E3CB329A921B2005261CB /* Test_AppUITests.swift */; };
		358E3CC229A921E0005261CB /* Test_AppUITestsLaunchTests.swift in Sources */ = {isa = PBXBuildFile; fileRef = 358E3CB429A921B2005261CB /* Test_AppUITestsLaunchTests.swift */; };
		358E3CC729A9223B005261CB /* MuxUploadSDK in Frameworks */ = {isa = PBXBuildFile; productRef = 358E3CC629A9223B005261CB /* MuxUploadSDK */; };
		35ECAC7E2A1582D100C8AADB /* UploadListModel.swift in Sources */ = {isa = PBXBuildFile; fileRef = 35ECAC7D2A1582D100C8AADB /* UploadListModel.swift */; };
		35ECAC802A168C6400C8AADB /* Mux Assets.xcassets in Resources */ = {isa = PBXBuildFile; fileRef = 35ECAC7F2A168C6400C8AADB /* Mux Assets.xcassets */; };
/* End PBXBuildFile section */

/* Begin PBXContainerItemProxy section */
		358E3C9229A92168005261CB /* PBXContainerItemProxy */ = {
			isa = PBXContainerItemProxy;
			containerPortal = 358E3C6F29A92167005261CB /* Project object */;
			proxyType = 1;
			remoteGlobalIDString = 358E3C7629A92167005261CB;
			remoteInfo = "Test App";
		};
/* End PBXContainerItemProxy section */

/* Begin PBXFileReference section */
		354421B22A0D628E00C6FD1F /* UploadCTA.swift */ = {isa = PBXFileReference; lastKnownFileType = sourcecode.swift; path = UploadCTA.swift; sourceTree = "<group>"; };
		354421B52A11731B00C6FD1F /* UploadCreationModel.swift */ = {isa = PBXFileReference; lastKnownFileType = sourcecode.swift; path = UploadCreationModel.swift; sourceTree = "<group>"; };
		356FB4152A0C191000EA4362 /* Buttons.swift */ = {isa = PBXFileReference; lastKnownFileType = sourcecode.swift; path = Buttons.swift; sourceTree = "<group>"; };
		3570FE102A09883400E91965 /* FakeBackend.swift */ = {isa = PBXFileReference; lastKnownFileType = sourcecode.swift; path = FakeBackend.swift; sourceTree = "<group>"; };
		3570FE122A0B15D800E91965 /* CreateUploadView.swift */ = {isa = PBXFileReference; lastKnownFileType = sourcecode.swift; path = CreateUploadView.swift; sourceTree = "<group>"; };
		3570FE152A0BFCD200E91965 /* Mux Colors.swift */ = {isa = PBXFileReference; lastKnownFileType = sourcecode.swift; path = "Mux Colors.swift"; sourceTree = "<group>"; };
		3570FE182A0C05EE00E91965 /* MuxNavBar.swift */ = {isa = PBXFileReference; lastKnownFileType = sourcecode.swift; path = MuxNavBar.swift; sourceTree = "<group>"; };
		3588AAAC2A12D7A80063E4DA /* UploadListView.swift */ = {isa = PBXFileReference; lastKnownFileType = sourcecode.swift; path = UploadListView.swift; sourceTree = "<group>"; };
		3588AAB42A13DA080063E4DA /* ThumbnailModel.swift */ = {isa = PBXFileReference; lastKnownFileType = sourcecode.swift; path = ThumbnailModel.swift; sourceTree = "<group>"; };
		358E3C7729A92167005261CB /* Test App.app */ = {isa = PBXFileReference; explicitFileType = wrapper.application; includeInIndex = 0; path = "Test App.app"; sourceTree = BUILT_PRODUCTS_DIR; };
		358E3C9129A92168005261CB /* Test AppUITests.xctest */ = {isa = PBXFileReference; explicitFileType = wrapper.cfbundle; includeInIndex = 0; path = "Test AppUITests.xctest"; sourceTree = BUILT_PRODUCTS_DIR; };
		358E3CA529A921B2005261CB /* Test_AppApp.swift */ = {isa = PBXFileReference; fileEncoding = 4; lastKnownFileType = sourcecode.swift; path = Test_AppApp.swift; sourceTree = "<group>"; };
		358E3CA629A921B2005261CB /* Assets.xcassets */ = {isa = PBXFileReference; lastKnownFileType = folder.assetcatalog; path = Assets.xcassets; sourceTree = "<group>"; };
		358E3CA829A921B2005261CB /* Preview Assets.xcassets */ = {isa = PBXFileReference; lastKnownFileType = folder.assetcatalog; path = "Preview Assets.xcassets"; sourceTree = "<group>"; };
		358E3CAC29A921B2005261CB /* ContentView.swift */ = {isa = PBXFileReference; fileEncoding = 4; lastKnownFileType = sourcecode.swift; path = ContentView.swift; sourceTree = "<group>"; };
		358E3CB029A921B2005261CB /* ImagePicker.swift */ = {isa = PBXFileReference; fileEncoding = 4; lastKnownFileType = sourcecode.swift; path = ImagePicker.swift; sourceTree = "<group>"; };
		358E3CB329A921B2005261CB /* Test_AppUITests.swift */ = {isa = PBXFileReference; fileEncoding = 4; lastKnownFileType = sourcecode.swift; path = Test_AppUITests.swift; sourceTree = "<group>"; };
		358E3CB429A921B2005261CB /* Test_AppUITestsLaunchTests.swift */ = {isa = PBXFileReference; fileEncoding = 4; lastKnownFileType = sourcecode.swift; path = Test_AppUITestsLaunchTests.swift; sourceTree = "<group>"; };
		358E3CC429A9221F005261CB /* mux-vod-upload-ios */ = {isa = PBXFileReference; lastKnownFileType = wrapper; name = "mux-vod-upload-ios"; path = ../..; sourceTree = "<group>"; };
		35ECAC7D2A1582D100C8AADB /* UploadListModel.swift */ = {isa = PBXFileReference; fileEncoding = 4; lastKnownFileType = sourcecode.swift; path = UploadListModel.swift; sourceTree = "<group>"; };
		35ECAC7F2A168C6400C8AADB /* Mux Assets.xcassets */ = {isa = PBXFileReference; lastKnownFileType = folder.assetcatalog; path = "Mux Assets.xcassets"; sourceTree = "<group>"; };
/* End PBXFileReference section */

/* Begin PBXFrameworksBuildPhase section */
		358E3C7429A92167005261CB /* Frameworks */ = {
			isa = PBXFrameworksBuildPhase;
			buildActionMask = 2147483647;
			files = (
				358E3CC729A9223B005261CB /* MuxUploadSDK in Frameworks */,
			);
			runOnlyForDeploymentPostprocessing = 0;
		};
		358E3C8E29A92168005261CB /* Frameworks */ = {
			isa = PBXFrameworksBuildPhase;
			buildActionMask = 2147483647;
			files = (
			);
			runOnlyForDeploymentPostprocessing = 0;
		};
/* End PBXFrameworksBuildPhase section */

/* Begin PBXGroup section */
		354421B42A11726700C6FD1F /* View Models */ = {
			isa = PBXGroup;
			children = (
				35ECAC7D2A1582D100C8AADB /* UploadListModel.swift */,
				354421B52A11731B00C6FD1F /* UploadCreationModel.swift */,
				3588AAB42A13DA080063E4DA /* ThumbnailModel.swift */,
			);
			path = "View Models";
			sourceTree = "<group>";
		};
		3570FE0F2A09881200E91965 /* Fake Server Backend */ = {
			isa = PBXGroup;
			children = (
				3570FE102A09883400E91965 /* FakeBackend.swift */,
			);
			path = "Fake Server Backend";
			sourceTree = "<group>";
		};
		3570FE142A0BFAC300E91965 /* Mux Style */ = {
			isa = PBXGroup;
			children = (
				35ECAC7F2A168C6400C8AADB /* Mux Assets.xcassets */,
				3570FE172A0C05D800E91965 /* Mux Views */,
				3570FE152A0BFCD200E91965 /* Mux Colors.swift */,
			);
			path = "Mux Style";
			sourceTree = "<group>";
		};
		3570FE172A0C05D800E91965 /* Mux Views */ = {
			isa = PBXGroup;
			children = (
				3570FE182A0C05EE00E91965 /* MuxNavBar.swift */,
				356FB4152A0C191000EA4362 /* Buttons.swift */,
			);
			path = "Mux Views";
			sourceTree = "<group>";
		};
		358E3C6E29A92167005261CB = {
			isa = PBXGroup;
			children = (
				358E3CC329A9221F005261CB /* Packages */,
				358E3CA429A921B2005261CB /* Test App */,
				358E3CB229A921B2005261CB /* Test AppUITests */,
				358E3C7829A92167005261CB /* Products */,
				358E3CC529A9223B005261CB /* Frameworks */,
			);
			sourceTree = "<group>";
		};
		358E3C7829A92167005261CB /* Products */ = {
			isa = PBXGroup;
			children = (
				358E3C7729A92167005261CB /* Test App.app */,
				358E3C9129A92168005261CB /* Test AppUITests.xctest */,
			);
			name = Products;
			sourceTree = "<group>";
		};
		358E3CA429A921B2005261CB /* Test App */ = {
			isa = PBXGroup;
			children = (
				358E3CA529A921B2005261CB /* Test_AppApp.swift */,
				358E3CAC29A921B2005261CB /* ContentView.swift */,
				358E3CA629A921B2005261CB /* Assets.xcassets */,
				358E3CA729A921B2005261CB /* Preview Content */,
				3570FE0F2A09881200E91965 /* Fake Server Backend */,
				358E3CA929A921B2005261CB /* Screens */,
				354421B42A11726700C6FD1F /* View Models */,
				3570FE142A0BFAC300E91965 /* Mux Style */,
				358E3CAD29A921B2005261CB /* Widgets */,
			);
			path = "Test App";
			sourceTree = "<group>";
		};
		358E3CA729A921B2005261CB /* Preview Content */ = {
			isa = PBXGroup;
			children = (
				358E3CA829A921B2005261CB /* Preview Assets.xcassets */,
			);
			path = "Preview Content";
			sourceTree = "<group>";
		};
		358E3CA929A921B2005261CB /* Screens */ = {
			isa = PBXGroup;
			children = (
				3570FE122A0B15D800E91965 /* CreateUploadView.swift */,
				3588AAAC2A12D7A80063E4DA /* UploadListView.swift */,
			);
			path = Screens;
			sourceTree = "<group>";
		};
		358E3CAD29A921B2005261CB /* Widgets */ = {
			isa = PBXGroup;
			children = (
				358E3CB029A921B2005261CB /* ImagePicker.swift */,
				354421B22A0D628E00C6FD1F /* UploadCTA.swift */,
			);
			path = Widgets;
			sourceTree = "<group>";
		};
		358E3CB229A921B2005261CB /* Test AppUITests */ = {
			isa = PBXGroup;
			children = (
				358E3CB329A921B2005261CB /* Test_AppUITests.swift */,
				358E3CB429A921B2005261CB /* Test_AppUITestsLaunchTests.swift */,
			);
			path = "Test AppUITests";
			sourceTree = "<group>";
		};
		358E3CC329A9221F005261CB /* Packages */ = {
			isa = PBXGroup;
			children = (
				358E3CC429A9221F005261CB /* mux-vod-upload-ios */,
			);
			name = Packages;
			sourceTree = "<group>";
		};
		358E3CC529A9223B005261CB /* Frameworks */ = {
			isa = PBXGroup;
			children = (
			);
			name = Frameworks;
			sourceTree = "<group>";
		};
/* End PBXGroup section */

/* Begin PBXNativeTarget section */
		358E3C7629A92167005261CB /* Test App */ = {
			isa = PBXNativeTarget;
			buildConfigurationList = 358E3C9B29A92168005261CB /* Build configuration list for PBXNativeTarget "Test App" */;
			buildPhases = (
				358E3C7329A92167005261CB /* Sources */,
				358E3C7429A92167005261CB /* Frameworks */,
				358E3C7529A92167005261CB /* Resources */,
			);
			buildRules = (
			);
			dependencies = (
			);
			name = "Test App";
			packageProductDependencies = (
				358E3CC629A9223B005261CB /* MuxUploadSDK */,
			);
			productName = "Test App";
			productReference = 358E3C7729A92167005261CB /* Test App.app */;
			productType = "com.apple.product-type.application";
		};
		358E3C9029A92168005261CB /* Test AppUITests */ = {
			isa = PBXNativeTarget;
			buildConfigurationList = 358E3CA129A92168005261CB /* Build configuration list for PBXNativeTarget "Test AppUITests" */;
			buildPhases = (
				358E3C8D29A92168005261CB /* Sources */,
				358E3C8E29A92168005261CB /* Frameworks */,
				358E3C8F29A92168005261CB /* Resources */,
			);
			buildRules = (
			);
			dependencies = (
				358E3C9329A92168005261CB /* PBXTargetDependency */,
			);
			name = "Test AppUITests";
			productName = "Test AppUITests";
			productReference = 358E3C9129A92168005261CB /* Test AppUITests.xctest */;
			productType = "com.apple.product-type.bundle.ui-testing";
		};
/* End PBXNativeTarget section */

/* Begin PBXProject section */
		358E3C6F29A92167005261CB /* Project object */ = {
			isa = PBXProject;
			attributes = {
				BuildIndependentTargetsInParallel = 1;
				LastSwiftUpdateCheck = 1420;
				LastUpgradeCheck = 1420;
				TargetAttributes = {
					358E3C7629A92167005261CB = {
						CreatedOnToolsVersion = 14.2;
					};
					358E3C9029A92168005261CB = {
						CreatedOnToolsVersion = 14.2;
						TestTargetID = 358E3C7629A92167005261CB;
					};
				};
			};
			buildConfigurationList = 358E3C7229A92167005261CB /* Build configuration list for PBXProject "Upload Test App" */;
			compatibilityVersion = "Xcode 14.0";
			developmentRegion = en;
			hasScannedForEncodings = 0;
			knownRegions = (
				en,
				Base,
			);
			mainGroup = 358E3C6E29A92167005261CB;
			productRefGroup = 358E3C7829A92167005261CB /* Products */;
			projectDirPath = "";
			projectRoot = "";
			targets = (
				358E3C7629A92167005261CB /* Test App */,
				358E3C9029A92168005261CB /* Test AppUITests */,
			);
		};
/* End PBXProject section */

/* Begin PBXResourcesBuildPhase section */
		358E3C7529A92167005261CB /* Resources */ = {
			isa = PBXResourcesBuildPhase;
			buildActionMask = 2147483647;
			files = (
				358E3CB729A921B2005261CB /* Preview Assets.xcassets in Resources */,
				358E3CB629A921B2005261CB /* Assets.xcassets in Resources */,
				35ECAC802A168C6400C8AADB /* Mux Assets.xcassets in Resources */,
			);
			runOnlyForDeploymentPostprocessing = 0;
		};
		358E3C8F29A92168005261CB /* Resources */ = {
			isa = PBXResourcesBuildPhase;
			buildActionMask = 2147483647;
			files = (
			);
			runOnlyForDeploymentPostprocessing = 0;
		};
/* End PBXResourcesBuildPhase section */

/* Begin PBXSourcesBuildPhase section */
		358E3C7329A92167005261CB /* Sources */ = {
			isa = PBXSourcesBuildPhase;
			buildActionMask = 2147483647;
			files = (
				3570FE132A0B15D800E91965 /* CreateUploadView.swift in Sources */,
				3588AAAD2A12D7A80063E4DA /* UploadListView.swift in Sources */,
				356FB4162A0C191000EA4362 /* Buttons.swift in Sources */,
				3570FE192A0C05EE00E91965 /* MuxNavBar.swift in Sources */,
				358E3CBD29A921B2005261CB /* ImagePicker.swift in Sources */,
				354421B62A11731B00C6FD1F /* UploadCreationModel.swift in Sources */,
				358E3CBA29A921B2005261CB /* ContentView.swift in Sources */,
				354421B32A0D628E00C6FD1F /* UploadCTA.swift in Sources */,
				35ECAC7E2A1582D100C8AADB /* UploadListModel.swift in Sources */,
				3570FE162A0BFCD200E91965 /* Mux Colors.swift in Sources */,
				3588AAB52A13DA080063E4DA /* ThumbnailModel.swift in Sources */,
				358E3CB529A921B2005261CB /* Test_AppApp.swift in Sources */,
				3570FE112A09883400E91965 /* FakeBackend.swift in Sources */,
			);
			runOnlyForDeploymentPostprocessing = 0;
		};
		358E3C8D29A92168005261CB /* Sources */ = {
			isa = PBXSourcesBuildPhase;
			buildActionMask = 2147483647;
			files = (
				358E3CC229A921E0005261CB /* Test_AppUITestsLaunchTests.swift in Sources */,
				358E3CC129A921DC005261CB /* Test_AppUITests.swift in Sources */,
			);
			runOnlyForDeploymentPostprocessing = 0;
		};
/* End PBXSourcesBuildPhase section */

/* Begin PBXTargetDependency section */
		358E3C9329A92168005261CB /* PBXTargetDependency */ = {
			isa = PBXTargetDependency;
			target = 358E3C7629A92167005261CB /* Test App */;
			targetProxy = 358E3C9229A92168005261CB /* PBXContainerItemProxy */;
		};
/* End PBXTargetDependency section */

/* Begin XCBuildConfiguration section */
		358E3C9929A92168005261CB /* Debug */ = {
			isa = XCBuildConfiguration;
			buildSettings = {
				ALWAYS_SEARCH_USER_PATHS = NO;
				CLANG_ANALYZER_NONNULL = YES;
				CLANG_ANALYZER_NUMBER_OBJECT_CONVERSION = YES_AGGRESSIVE;
				CLANG_CXX_LANGUAGE_STANDARD = "gnu++20";
				CLANG_ENABLE_MODULES = YES;
				CLANG_ENABLE_OBJC_ARC = YES;
				CLANG_ENABLE_OBJC_WEAK = YES;
				CLANG_WARN_BLOCK_CAPTURE_AUTORELEASING = YES;
				CLANG_WARN_BOOL_CONVERSION = YES;
				CLANG_WARN_COMMA = YES;
				CLANG_WARN_CONSTANT_CONVERSION = YES;
				CLANG_WARN_DEPRECATED_OBJC_IMPLEMENTATIONS = YES;
				CLANG_WARN_DIRECT_OBJC_ISA_USAGE = YES_ERROR;
				CLANG_WARN_DOCUMENTATION_COMMENTS = YES;
				CLANG_WARN_EMPTY_BODY = YES;
				CLANG_WARN_ENUM_CONVERSION = YES;
				CLANG_WARN_INFINITE_RECURSION = YES;
				CLANG_WARN_INT_CONVERSION = YES;
				CLANG_WARN_NON_LITERAL_NULL_CONVERSION = YES;
				CLANG_WARN_OBJC_IMPLICIT_RETAIN_SELF = YES;
				CLANG_WARN_OBJC_LITERAL_CONVERSION = YES;
				CLANG_WARN_OBJC_ROOT_CLASS = YES_ERROR;
				CLANG_WARN_QUOTED_INCLUDE_IN_FRAMEWORK_HEADER = YES;
				CLANG_WARN_RANGE_LOOP_ANALYSIS = YES;
				CLANG_WARN_STRICT_PROTOTYPES = YES;
				CLANG_WARN_SUSPICIOUS_MOVE = YES;
				CLANG_WARN_UNGUARDED_AVAILABILITY = YES_AGGRESSIVE;
				CLANG_WARN_UNREACHABLE_CODE = YES;
				CLANG_WARN__DUPLICATE_METHOD_MATCH = YES;
				COPY_PHASE_STRIP = NO;
				DEBUG_INFORMATION_FORMAT = dwarf;
				ENABLE_STRICT_OBJC_MSGSEND = YES;
				ENABLE_TESTABILITY = YES;
				GCC_C_LANGUAGE_STANDARD = gnu11;
				GCC_DYNAMIC_NO_PIC = NO;
				GCC_NO_COMMON_BLOCKS = YES;
				GCC_OPTIMIZATION_LEVEL = 0;
				GCC_PREPROCESSOR_DEFINITIONS = (
					"DEBUG=1",
					"$(inherited)",
				);
				GCC_WARN_64_TO_32_BIT_CONVERSION = YES;
				GCC_WARN_ABOUT_RETURN_TYPE = YES_ERROR;
				GCC_WARN_UNDECLARED_SELECTOR = YES;
				GCC_WARN_UNINITIALIZED_AUTOS = YES_AGGRESSIVE;
				GCC_WARN_UNUSED_FUNCTION = YES;
				GCC_WARN_UNUSED_VARIABLE = YES;
				IPHONEOS_DEPLOYMENT_TARGET = 16.2;
				MTL_ENABLE_DEBUG_INFO = INCLUDE_SOURCE;
				MTL_FAST_MATH = YES;
				ONLY_ACTIVE_ARCH = YES;
				SDKROOT = iphoneos;
				SWIFT_ACTIVE_COMPILATION_CONDITIONS = DEBUG;
				SWIFT_OPTIMIZATION_LEVEL = "-Onone";
			};
			name = Debug;
		};
		358E3C9A29A92168005261CB /* Release */ = {
			isa = XCBuildConfiguration;
			buildSettings = {
				ALWAYS_SEARCH_USER_PATHS = NO;
				CLANG_ANALYZER_NONNULL = YES;
				CLANG_ANALYZER_NUMBER_OBJECT_CONVERSION = YES_AGGRESSIVE;
				CLANG_CXX_LANGUAGE_STANDARD = "gnu++20";
				CLANG_ENABLE_MODULES = YES;
				CLANG_ENABLE_OBJC_ARC = YES;
				CLANG_ENABLE_OBJC_WEAK = YES;
				CLANG_WARN_BLOCK_CAPTURE_AUTORELEASING = YES;
				CLANG_WARN_BOOL_CONVERSION = YES;
				CLANG_WARN_COMMA = YES;
				CLANG_WARN_CONSTANT_CONVERSION = YES;
				CLANG_WARN_DEPRECATED_OBJC_IMPLEMENTATIONS = YES;
				CLANG_WARN_DIRECT_OBJC_ISA_USAGE = YES_ERROR;
				CLANG_WARN_DOCUMENTATION_COMMENTS = YES;
				CLANG_WARN_EMPTY_BODY = YES;
				CLANG_WARN_ENUM_CONVERSION = YES;
				CLANG_WARN_INFINITE_RECURSION = YES;
				CLANG_WARN_INT_CONVERSION = YES;
				CLANG_WARN_NON_LITERAL_NULL_CONVERSION = YES;
				CLANG_WARN_OBJC_IMPLICIT_RETAIN_SELF = YES;
				CLANG_WARN_OBJC_LITERAL_CONVERSION = YES;
				CLANG_WARN_OBJC_ROOT_CLASS = YES_ERROR;
				CLANG_WARN_QUOTED_INCLUDE_IN_FRAMEWORK_HEADER = YES;
				CLANG_WARN_RANGE_LOOP_ANALYSIS = YES;
				CLANG_WARN_STRICT_PROTOTYPES = YES;
				CLANG_WARN_SUSPICIOUS_MOVE = YES;
				CLANG_WARN_UNGUARDED_AVAILABILITY = YES_AGGRESSIVE;
				CLANG_WARN_UNREACHABLE_CODE = YES;
				CLANG_WARN__DUPLICATE_METHOD_MATCH = YES;
				COPY_PHASE_STRIP = NO;
				DEBUG_INFORMATION_FORMAT = "dwarf-with-dsym";
				ENABLE_NS_ASSERTIONS = NO;
				ENABLE_STRICT_OBJC_MSGSEND = YES;
				GCC_C_LANGUAGE_STANDARD = gnu11;
				GCC_NO_COMMON_BLOCKS = YES;
				GCC_WARN_64_TO_32_BIT_CONVERSION = YES;
				GCC_WARN_ABOUT_RETURN_TYPE = YES_ERROR;
				GCC_WARN_UNDECLARED_SELECTOR = YES;
				GCC_WARN_UNINITIALIZED_AUTOS = YES_AGGRESSIVE;
				GCC_WARN_UNUSED_FUNCTION = YES;
				GCC_WARN_UNUSED_VARIABLE = YES;
				IPHONEOS_DEPLOYMENT_TARGET = 16.2;
				MTL_ENABLE_DEBUG_INFO = NO;
				MTL_FAST_MATH = YES;
				SDKROOT = iphoneos;
				SWIFT_COMPILATION_MODE = wholemodule;
				SWIFT_OPTIMIZATION_LEVEL = "-O";
				VALIDATE_PRODUCT = YES;
			};
			name = Release;
		};
		358E3C9C29A92168005261CB /* Debug */ = {
			isa = XCBuildConfiguration;
			buildSettings = {
				ASSETCATALOG_COMPILER_APPICON_NAME = AppIcon;
				ASSETCATALOG_COMPILER_GLOBAL_ACCENT_COLOR_NAME = AccentColor;
				CODE_SIGN_STYLE = Automatic;
				CURRENT_PROJECT_VERSION = 1;
				DEVELOPMENT_ASSET_PATHS = "\"Test App/Preview Content\"";
				DEVELOPMENT_TEAM = CX6AHWLHM6;
				ENABLE_PREVIEWS = YES;
				GENERATE_INFOPLIST_FILE = YES;
				INFOPLIST_KEY_NSPhotoLibraryUsageDescription = "This app uploads photos from your camera roll";
				INFOPLIST_KEY_UIApplicationSceneManifest_Generation = YES;
				INFOPLIST_KEY_UIApplicationSupportsIndirectInputEvents = YES;
				INFOPLIST_KEY_UILaunchScreen_Generation = YES;
				INFOPLIST_KEY_UISupportedInterfaceOrientations_iPad = "UIInterfaceOrientationPortrait UIInterfaceOrientationPortraitUpsideDown UIInterfaceOrientationLandscapeLeft UIInterfaceOrientationLandscapeRight";
				INFOPLIST_KEY_UISupportedInterfaceOrientations_iPhone = "UIInterfaceOrientationPortrait UIInterfaceOrientationLandscapeLeft UIInterfaceOrientationLandscapeRight";
				IPHONEOS_DEPLOYMENT_TARGET = 15.0;
				LD_RUNPATH_SEARCH_PATHS = (
					"$(inherited)",
					"@executable_path/Frameworks",
				);
				MARKETING_VERSION = 1.0;
				PRODUCT_BUNDLE_IDENTIFIER = "com.mux.video.upload.Test-App";
				PRODUCT_NAME = "$(TARGET_NAME)";
				SWIFT_EMIT_LOC_STRINGS = YES;
				SWIFT_VERSION = 5.0;
				TARGETED_DEVICE_FAMILY = "1,2";
			};
			name = Debug;
		};
		358E3C9D29A92168005261CB /* Release */ = {
			isa = XCBuildConfiguration;
			buildSettings = {
				ASSETCATALOG_COMPILER_APPICON_NAME = AppIcon;
				ASSETCATALOG_COMPILER_GLOBAL_ACCENT_COLOR_NAME = AccentColor;
				CODE_SIGN_IDENTITY = "Apple Development";
				CODE_SIGN_STYLE = Automatic;
				CURRENT_PROJECT_VERSION = 1;
				DEVELOPMENT_ASSET_PATHS = "\"Test App/Preview Content\"";
				DEVELOPMENT_TEAM = CX6AHWLHM6;
				ENABLE_PREVIEWS = YES;
				GENERATE_INFOPLIST_FILE = YES;
				INFOPLIST_KEY_NSPhotoLibraryUsageDescription = "This app uploads photos from your camera roll";
				INFOPLIST_KEY_UIApplicationSceneManifest_Generation = YES;
				INFOPLIST_KEY_UIApplicationSupportsIndirectInputEvents = YES;
				INFOPLIST_KEY_UILaunchScreen_Generation = YES;
				INFOPLIST_KEY_UISupportedInterfaceOrientations_iPad = "UIInterfaceOrientationPortrait UIInterfaceOrientationPortraitUpsideDown UIInterfaceOrientationLandscapeLeft UIInterfaceOrientationLandscapeRight";
				INFOPLIST_KEY_UISupportedInterfaceOrientations_iPhone = "UIInterfaceOrientationPortrait UIInterfaceOrientationLandscapeLeft UIInterfaceOrientationLandscapeRight";
				IPHONEOS_DEPLOYMENT_TARGET = 15.0;
				LD_RUNPATH_SEARCH_PATHS = (
					"$(inherited)",
					"@executable_path/Frameworks",
				);
				MARKETING_VERSION = 1.0;
				PRODUCT_BUNDLE_IDENTIFIER = "com.mux.video.upload.Test-App";
				PRODUCT_NAME = "$(TARGET_NAME)";
				PROVISIONING_PROFILE_SPECIFIER = "";
				SWIFT_EMIT_LOC_STRINGS = YES;
				SWIFT_VERSION = 5.0;
				TARGETED_DEVICE_FAMILY = "1,2";
			};
			name = Release;
		};
		358E3CA229A92168005261CB /* Debug */ = {
			isa = XCBuildConfiguration;
			buildSettings = {
				ALWAYS_EMBED_SWIFT_STANDARD_LIBRARIES = YES;
				CODE_SIGN_STYLE = Automatic;
				CURRENT_PROJECT_VERSION = 1;
				DEVELOPMENT_TEAM = CX6AHWLHM6;
				GENERATE_INFOPLIST_FILE = YES;
				MARKETING_VERSION = 1.0;
				PRODUCT_BUNDLE_IDENTIFIER = "com.mux.video.upload.Test-AppUITests";
				PRODUCT_NAME = "$(TARGET_NAME)";
				SWIFT_EMIT_LOC_STRINGS = NO;
				SWIFT_VERSION = 5.0;
				TARGETED_DEVICE_FAMILY = "1,2";
				TEST_TARGET_NAME = "Test App";
			};
			name = Debug;
		};
		358E3CA329A92168005261CB /* Release */ = {
			isa = XCBuildConfiguration;
			buildSettings = {
				ALWAYS_EMBED_SWIFT_STANDARD_LIBRARIES = YES;
				CODE_SIGN_STYLE = Automatic;
				CURRENT_PROJECT_VERSION = 1;
				DEVELOPMENT_TEAM = CX6AHWLHM6;
				GENERATE_INFOPLIST_FILE = YES;
				MARKETING_VERSION = 1.0;
				PRODUCT_BUNDLE_IDENTIFIER = "com.mux.video.upload.Test-AppUITests";
				PRODUCT_NAME = "$(TARGET_NAME)";
				SWIFT_EMIT_LOC_STRINGS = NO;
				SWIFT_VERSION = 5.0;
				TARGETED_DEVICE_FAMILY = "1,2";
				TEST_TARGET_NAME = "Test App";
			};
			name = Release;
		};
/* End XCBuildConfiguration section */

/* Begin XCConfigurationList section */
		358E3C7229A92167005261CB /* Build configuration list for PBXProject "Upload Test App" */ = {
			isa = XCConfigurationList;
			buildConfigurations = (
				358E3C9929A92168005261CB /* Debug */,
				358E3C9A29A92168005261CB /* Release */,
			);
			defaultConfigurationIsVisible = 0;
			defaultConfigurationName = Release;
		};
		358E3C9B29A92168005261CB /* Build configuration list for PBXNativeTarget "Test App" */ = {
			isa = XCConfigurationList;
			buildConfigurations = (
				358E3C9C29A92168005261CB /* Debug */,
				358E3C9D29A92168005261CB /* Release */,
			);
			defaultConfigurationIsVisible = 0;
			defaultConfigurationName = Release;
		};
		358E3CA129A92168005261CB /* Build configuration list for PBXNativeTarget "Test AppUITests" */ = {
			isa = XCConfigurationList;
			buildConfigurations = (
				358E3CA229A92168005261CB /* Debug */,
				358E3CA329A92168005261CB /* Release */,
			);
			defaultConfigurationIsVisible = 0;
			defaultConfigurationName = Release;
		};
/* End XCConfigurationList section */

/* Begin XCSwiftPackageProductDependency section */
		358E3CC629A9223B005261CB /* MuxUploadSDK */ = {
			isa = XCSwiftPackageProductDependency;
			productName = MuxUploadSDK;
		};
/* End XCSwiftPackageProductDependency section */
	};
	rootObject = 358E3C6F29A92167005261CB /* Project object */;
}
